# This file is automatically @generated by Cargo.
# It is not intended for manual editing.
version = 3

[[package]]
name = "amazon-interview-redemption-regex-parser"
version = "0.1.0"
dependencies = [
 "gerber",
]

[[package]]
name = "corrida"
version = "0.1.0"

[[package]]
name = "gerber"
version = "0.1.0"
dependencies = [
 "corrida",
 "impls",
]

[[package]]
name = "impls"
version = "1.0.3"
source = "registry+https://github.com/rust-lang/crates.io-index"
checksum = "7a46645bbd70538861a90d0f26c31537cdf1e44aae99a794fb75a664b70951bc"
