# This file is automatically @generated by Cargo.
# It is not intended for manual editing.
version = 3

[[package]]
name = "amazon-interview-redemption-regex-parser"
version = "0.1.0"
dependencies = [
 "gerber",
]

[[package]]
name = "corrida"
version = "0.1.0"

[[package]]
name = "gerber"
version = "0.1.0"
dependencies = [
 "corrida",
]
